
Microsoft Visual Studio Solution File, Format Version 12.00
# Visual Studio Version 17
VisualStudioVersion = 17.4.33205.214
MinimumVisualStudioVersion = 10.0.40219.1
Project("{FAE04EC0-301F-11D3-BF4B-00C04F79EFBC}") = "Ecolab3DModel", "Ecolab3DModel\Ecolab3DModel.csproj", "{48E36C3D-488E-41CA-A6C4-2E8F0F6AF03F}"
EndProject
Global
	GlobalSection(SolutionConfigurationPlatforms) = preSolution
		Debug|Any CPU = Debug|Any CPU
		Release|Any CPU = Release|Any CPU
	EndGlobalSection
	GlobalSection(ProjectConfigurationPlatforms) = postSolution
		{48E36C3D-488E-41CA-A6C4-2E8F0F6AF03F}.Debug|Any CPU.ActiveCfg = Debug|Any CPU
		{48E36C3D-488E-41CA-A6C4-2E8F0F6AF03F}.Debug|Any CPU.Build.0 = Debug|Any CPU
		{48E36C3D-488E-41CA-A6C4-2E8F0F6AF03F}.Release|Any CPU.ActiveCfg = Release|Any CPU
		{48E36C3D-488E-41CA-A6C4-2E8F0F6AF03F}.Release|Any CPU.Build.0 = Release|Any CPU
	EndGlobalSection
	GlobalSection(SolutionProperties) = preSolution
		HideSolutionNode = FALSE
	EndGlobalSection
	GlobalSection(ExtensibilityGlobals) = postSolution
		SolutionGuid = {0DD56539-F005-4527-AD98-566C23379A8A}
	EndGlobalSection
EndGlobal
